
Microsoft Visual Studio Solution File, Format Version 12.00
# Visual Studio Version 17
VisualStudioVersion = 17.12.35707.178 d17.12
MinimumVisualStudioVersion = 10.0.40219.1
Project("{FAE04EC0-301F-11D3-BF4B-00C04F79EFBC}") = "FruitSaladLibrary", "FruitSaladLibrary\FruitSaladLibrary.csproj", "{EA6087C6-7F6D-4C5F-96B3-73BDB2ED12C4}"
EndProject
Project("{FAE04EC0-301F-11D3-BF4B-00C04F79EFBC}") = "FruitSaladDeliveryApp", "FruitSaladDeliveryApp\FruitSaladDeliveryApp.csproj", "{7E6DA4A9-A464-4354-833F-8510C1A0DFEC}"
EndProject
Global
	GlobalSection(SolutionConfigurationPlatforms) = preSolution
		Debug|Any CPU = Debug|Any CPU
		Release|Any CPU = Release|Any CPU
	EndGlobalSection
	GlobalSection(ProjectConfigurationPlatforms) = postSolution
		{EA6087C6-7F6D-4C5F-96B3-73BDB2ED12C4}.Debug|Any CPU.ActiveCfg = Debug|Any CPU
		{EA6087C6-7F6D-4C5F-96B3-73BDB2ED12C4}.Debug|Any CPU.Build.0 = Debug|Any CPU
		{EA6087C6-7F6D-4C5F-96B3-73BDB2ED12C4}.Release|Any CPU.ActiveCfg = Release|Any CPU
		{EA6087C6-7F6D-4C5F-96B3-73BDB2ED12C4}.Release|Any CPU.Build.0 = Release|Any CPU
		{7E6DA4A9-A464-4354-833F-8510C1A0DFEC}.Debug|Any CPU.ActiveCfg = Debug|Any CPU
		{7E6DA4A9-A464-4354-833F-8510C1A0DFEC}.Debug|Any CPU.Build.0 = Debug|Any CPU
		{7E6DA4A9-A464-4354-833F-8510C1A0DFEC}.Release|Any CPU.ActiveCfg = Release|Any CPU
		{7E6DA4A9-A464-4354-833F-8510C1A0DFEC}.Release|Any CPU.Build.0 = Release|Any CPU
	EndGlobalSection
	GlobalSection(SolutionProperties) = preSolution
		HideSolutionNode = FALSE
	EndGlobalSection
EndGlobal
